
Microsoft Visual Studio Solution File, Format Version 11.00
# Visual Studio 2010
Project("{FAE04EC0-301F-11D3-BF4B-00C04F79EFBC}") = "ViewMultiUse", "ViewMultiUse\ViewMultiUse.csproj", "{8A4A0425-A8A3-4D6B-86CD-2F864BED29AE}"
EndProject
Global
	GlobalSection(SolutionConfigurationPlatforms) = preSolution
		Debug|Any CPU = Debug|Any CPU
		Release|Any CPU = Release|Any CPU
	EndGlobalSection
	GlobalSection(ProjectConfigurationPlatforms) = postSolution
		{8A4A0425-A8A3-4D6B-86CD-2F864BED29AE}.Debug|Any CPU.ActiveCfg = Debug|Any CPU
		{8A4A0425-A8A3-4D6B-86CD-2F864BED29AE}.Debug|Any CPU.Build.0 = Debug|Any CPU
		{8A4A0425-A8A3-4D6B-86CD-2F864BED29AE}.Release|Any CPU.ActiveCfg = Release|Any CPU
		{8A4A0425-A8A3-4D6B-86CD-2F864BED29AE}.Release|Any CPU.Build.0 = Release|Any CPU
	EndGlobalSection
	GlobalSection(SolutionProperties) = preSolution
		HideSolutionNode = FALSE
	EndGlobalSection
EndGlobal
